
Microsoft Visual Studio Solution File, Format Version 12.00
# Visual Studio Version 16
VisualStudioVersion = 16.0.29709.97
MinimumVisualStudioVersion = 10.0.40219.1
Project("{FAE04EC0-301F-11D3-BF4B-00C04F79EFBC}") = "01Basketball Equipment", "01Basketball Equipment\01Basketball Equipment.csproj", "{3E3F5E5B-B1EC-4DDC-B5B0-D8242CD8881E}"
EndProject
Global
	GlobalSection(SolutionConfigurationPlatforms) = preSolution
		Debug|Any CPU = Debug|Any CPU
		Release|Any CPU = Release|Any CPU
	EndGlobalSection
	GlobalSection(ProjectConfigurationPlatforms) = postSolution
		{3E3F5E5B-B1EC-4DDC-B5B0-D8242CD8881E}.Debug|Any CPU.ActiveCfg = Debug|Any CPU
		{3E3F5E5B-B1EC-4DDC-B5B0-D8242CD8881E}.Debug|Any CPU.Build.0 = Debug|Any CPU
		{3E3F5E5B-B1EC-4DDC-B5B0-D8242CD8881E}.Release|Any CPU.ActiveCfg = Release|Any CPU
		{3E3F5E5B-B1EC-4DDC-B5B0-D8242CD8881E}.Release|Any CPU.Build.0 = Release|Any CPU
	EndGlobalSection
	GlobalSection(SolutionProperties) = preSolution
		HideSolutionNode = FALSE
	EndGlobalSection
	GlobalSection(ExtensibilityGlobals) = postSolution
		SolutionGuid = {A71C8555-66AA-4057-A852-007ECCBA5C60}
	EndGlobalSection
EndGlobal
